
Microsoft Visual Studio Solution File, Format Version 12.00
# Visual Studio Version 17
VisualStudioVersion = 17.5.33516.290
MinimumVisualStudioVersion = 10.0.40219.1
Project("{9A19103F-16F7-4668-BE54-9A1E7A4F7556}") = "Api", "src\Api\Api.csproj", "{C2F597FA-98C0-4670-B11A-151AA96763AB}"
EndProject
Project("{9A19103F-16F7-4668-BE54-9A1E7A4F7556}") = "Application", "src\Application\Application.csproj", "{61EA49F2-B31F-42BA-BFFE-EFFBED8E9047}"
EndProject
Project("{9A19103F-16F7-4668-BE54-9A1E7A4F7556}") = "TemplateApi", "src\TemplateApi\TemplateApi.csproj", "{BC79A1A7-E40C-4F10-82EF-D573A13B5257}"
EndProject
Global
	GlobalSection(SolutionConfigurationPlatforms) = preSolution
		Debug|Any CPU = Debug|Any CPU
		Release|Any CPU = Release|Any CPU
	EndGlobalSection
	GlobalSection(ProjectConfigurationPlatforms) = postSolution
		{C2F597FA-98C0-4670-B11A-151AA96763AB}.Debug|Any CPU.ActiveCfg = Debug|Any CPU
		{C2F597FA-98C0-4670-B11A-151AA96763AB}.Debug|Any CPU.Build.0 = Debug|Any CPU
		{C2F597FA-98C0-4670-B11A-151AA96763AB}.Release|Any CPU.ActiveCfg = Release|Any CPU
		{C2F597FA-98C0-4670-B11A-151AA96763AB}.Release|Any CPU.Build.0 = Release|Any CPU
		{61EA49F2-B31F-42BA-BFFE-EFFBED8E9047}.Debug|Any CPU.ActiveCfg = Debug|Any CPU
		{61EA49F2-B31F-42BA-BFFE-EFFBED8E9047}.Debug|Any CPU.Build.0 = Debug|Any CPU
		{61EA49F2-B31F-42BA-BFFE-EFFBED8E9047}.Release|Any CPU.ActiveCfg = Release|Any CPU
		{61EA49F2-B31F-42BA-BFFE-EFFBED8E9047}.Release|Any CPU.Build.0 = Release|Any CPU
		{BC79A1A7-E40C-4F10-82EF-D573A13B5257}.Debug|Any CPU.ActiveCfg = Debug|Any CPU
		{BC79A1A7-E40C-4F10-82EF-D573A13B5257}.Debug|Any CPU.Build.0 = Debug|Any CPU
		{BC79A1A7-E40C-4F10-82EF-D573A13B5257}.Release|Any CPU.ActiveCfg = Release|Any CPU
		{BC79A1A7-E40C-4F10-82EF-D573A13B5257}.Release|Any CPU.Build.0 = Release|Any CPU
	EndGlobalSection
	GlobalSection(SolutionProperties) = preSolution
		HideSolutionNode = FALSE
	EndGlobalSection
	GlobalSection(ExtensibilityGlobals) = postSolution
		SolutionGuid = {38925B9A-E1A0-47C4-88CD-4C4C6765C1AE}
	EndGlobalSection
EndGlobal
